# This file is autogenerated, do not edit; changes may be undone by the next 'dep ensure'.


[[projects]]
  digest = "1:838a562e112d475f8dce0fce1525f7adc782a7e1a082fbb66472486a865e0a91"
  name = "github.com/joiggama/money"
  packages = ["."]
  pruneopts = "UT"
  revision = "dc37c83a59217f6699efe78b9bdbae3c536f20a3"
  version = "v2.0.0"

[solve-meta]
  analyzer-name = "dep"
  analyzer-version = 1
  input-imports = ["github.com/joiggama/money"]
  solver-name = "gps-cdcl"
  solver-version = 1
